// !$*UTF8*$!
{
	archiveVersion = 1;
	classes = {
	};
	objectVersion = 46;
	objects = {

/* Begin PBXBuildFile section */
		B4CCC1341CD8A7670016E994 /* main.m in Sources */ = {isa = PBXBuildFile; fileRef = B4CCC1331CD8A7670016E994 /* main.m */; };
		B4CCC1371CD8A7670016E994 /* AppDelegate.m in Sources */ = {isa = PBXBuildFile; fileRef = B4CCC1361CD8A7670016E994 /* AppDelegate.m */; };
		B4CCC13A1CD8A7670016E994 /* ViewController.m in Sources */ = {isa = PBXBuildFile; fileRef = B4CCC1391CD8A7670016E994 /* ViewController.m */; };
		B4CCC13D1CD8A7670016E994 /* Main.storyboard in Resources */ = {isa = PBXBuildFile; fileRef = B4CCC13B1CD8A7670016E994 /* Main.storyboard */; };
		B4CCC13F1CD8A7670016E994 /* Assets.xcassets in Resources */ = {isa = PBXBuildFile; fileRef = B4CCC13E1CD8A7670016E994 /* Assets.xcassets */; };
		B4CCC1421CD8A7670016E994 /* LaunchScreen.storyboard in Resources */ = {isa = PBXBuildFile; fileRef = B4CCC1401CD8A7670016E994 /* LaunchScreen.storyboard */; };
		B4CCC14D1CD8A7670016E994 /* RollBookTests.m in Sources */ = {isa = PBXBuildFile; fileRef = B4CCC14C1CD8A7670016E994 /* RollBookTests.m */; };
		B4CCC1581CD8A7670016E994 /* RollBookUITests.m in Sources */ = {isa = PBXBuildFile; fileRef = B4CCC1571CD8A7670016E994 /* RollBookUITests.m */; };
/* End PBXBuildFile section */

/* Begin PBXContainerItemProxy section */
		B4CCC1491CD8A7670016E994 /* PBXContainerItemProxy */ = {
			isa = PBXContainerItemProxy;
			containerPortal = B4CCC1271CD8A7670016E994 /* Project object */;
			proxyType = 1;
			remoteGlobalIDString = B4CCC12E1CD8A7670016E994;
			remoteInfo = RollBook;
		};
		B4CCC1541CD8A7670016E994 /* PBXContainerItemProxy */ = {
			isa = PBXContainerItemProxy;
			containerPortal = B4CCC1271CD8A7670016E994 /* Project object */;
			proxyType = 1;
			remoteGlobalIDString = B4CCC12E1CD8A7670016E994;
			remoteInfo = RollBook;
		};
/* End PBXContainerItemProxy section */

/* Begin PBXFileReference section */
		B4CCC12F1CD8A7670016E994 /* RollBook.app */ = {isa = PBXFileReference; explicitFileType = wrapper.application; includeInIndex = 0; path = RollBook.app; sourceTree = BUILT_PRODUCTS_DIR; };
		B4CCC1331CD8A7670016E994 /* main.m */ = {isa = PBXFileReference; lastKnownFileType = sourcecode.c.objc; path = main.m; sourceTree = "<group>"; };
		B4CCC1351CD8A7670016E994 /* AppDelegate.h */ = {isa = PBXFileReference; lastKnownFileType = sourcecode.c.h; path = AppDelegate.h; sourceTree = "<group>"; };
		B4CCC1361CD8A7670016E994 /* AppDelegate.m */ = {isa = PBXFileReference; lastKnownFileType = sourcecode.c.objc; path = AppDelegate.m; sourceTree = "<group>"; };
		B4CCC1381CD8A7670016E994 /* ViewController.h */ = {isa = PBXFileReference; lastKnownFileType = sourcecode.c.h; path = ViewController.h; sourceTree = "<group>"; };
		B4CCC1391CD8A7670016E994 /* ViewController.m */ = {isa = PBXFileReference; lastKnownFileType = sourcecode.c.objc; path = ViewController.m; sourceTree = "<group>"; };
		B4CCC13C1CD8A7670016E994 /* Base */ = {isa = PBXFileReference; lastKnownFileType = file.storyboard; name = Base; path = Base.lproj/Main.storyboard; sourceTree = "<group>"; };
		B4CCC13E1CD8A7670016E994 /* Assets.xcassets */ = {isa = PBXFileReference; lastKnownFileType = folder.assetcatalog; path = Assets.xcassets; sourceTree = "<group>"; };
		B4CCC1411CD8A7670016E994 /* Base */ = {isa = PBXFileReference; lastKnownFileType = file.storyboard; name = Base; path = Base.lproj/LaunchScreen.storyboard; sourceTree = "<group>"; };
		B4CCC1431CD8A7670016E994 /* Info.plist */ = {isa = PBXFileReference; lastKnownFileType = text.plist.xml; path = Info.plist; sourceTree = "<group>"; };
		B4CCC1481CD8A7670016E994 /* RollBookTests.xctest */ = {isa = PBXFileReference; explicitFileType = wrapper.cfbundle; includeInIndex = 0; path = RollBookTests.xctest; sourceTree = BUILT_PRODUCTS_DIR; };
		B4CCC14C1CD8A7670016E994 /* RollBookTests.m */ = {isa = PBXFileReference; lastKnownFileType = sourcecode.c.objc; path = RollBookTests.m; sourceTree = "<group>"; };
		B4CCC14E1CD8A7670016E994 /* Info.plist */ = {isa = PBXFileReference; lastKnownFileType = text.plist.xml; path = Info.plist; sourceTree = "<group>"; };
		B4CCC1531CD8A7670016E994 /* RollBookUITests.xctest */ = {isa = PBXFileReference; explicitFileType = wrapper.cfbundle; includeInIndex = 0; path = RollBookUITests.xctest; sourceTree = BUILT_PRODUCTS_DIR; };
		B4CCC1571CD8A7670016E994 /* RollBookUITests.m */ = {isa = PBXFileReference; lastKnownFileType = sourcecode.c.objc; path = RollBookUITests.m; sourceTree = "<group>"; };
		B4CCC1591CD8A7670016E994 /* Info.plist */ = {isa = PBXFileReference; lastKnownFileType = text.plist.xml; path = Info.plist; sourceTree = "<group>"; };
/* End PBXFileReference section */

/* Begin PBXFrameworksBuildPhase section */
		B4CCC12C1CD8A7670016E994 /* Frameworks */ = {
			isa = PBXFrameworksBuildPhase;
			buildActionMask = 2147483647;
			files = (
			);
			runOnlyForDeploymentPostprocessing = 0;
		};
		B4CCC1451CD8A7670016E994 /* Frameworks */ = {
			isa = PBXFrameworksBuildPhase;
			buildActionMask = 2147483647;
			files = (
			);
			runOnlyForDeploymentPostprocessing = 0;
		};
		B4CCC1501CD8A7670016E994 /* Frameworks */ = {
			isa = PBXFrameworksBuildPhase;
			buildActionMask = 2147483647;
			files = (
			);
			runOnlyForDeploymentPostprocessing = 0;
		};
/* End PBXFrameworksBuildPhase section */

/* Begin PBXGroup section */
		B4CCC1261CD8A7670016E994 = {
			isa = PBXGroup;
			children = (
				B4CCC1311CD8A7670016E994 /* RollBook */,
				B4CCC14B1CD8A7670016E994 /* RollBookTests */,
				B4CCC1561CD8A7670016E994 /* RollBookUITests */,
				B4CCC1301CD8A7670016E994 /* Products */,
			);
			sourceTree = "<group>";
		};
		B4CCC1301CD8A7670016E994 /* Products */ = {
			isa = PBXGroup;
			children = (
				B4CCC12F1CD8A7670016E994 /* RollBook.app */,
				B4CCC1481CD8A7670016E994 /* RollBookTests.xctest */,
				B4CCC1531CD8A7670016E994 /* RollBookUITests.xctest */,
			);
			name = Products;
			sourceTree = "<group>";
		};
		B4CCC1311CD8A7670016E994 /* RollBook */ = {
			isa = PBXGroup;
			children = (
				B4CCC1351CD8A7670016E994 /* AppDelegate.h */,
				B4CCC1361CD8A7670016E994 /* AppDelegate.m */,
				B4CCC1381CD8A7670016E994 /* ViewController.h */,
				B4CCC1391CD8A7670016E994 /* ViewController.m */,
				B4CCC13B1CD8A7670016E994 /* Main.storyboard */,
				B4CCC13E1CD8A7670016E994 /* Assets.xcassets */,
				B4CCC1401CD8A7670016E994 /* LaunchScreen.storyboard */,
				B4CCC1431CD8A7670016E994 /* Info.plist */,
				B4CCC1321CD8A7670016E994 /* Supporting Files */,
			);
			path = RollBook;
			sourceTree = "<group>";
		};
		B4CCC1321CD8A7670016E994 /* Supporting Files */ = {
			isa = PBXGroup;
			children = (
				B4CCC1331CD8A7670016E994 /* main.m */,
			);
			name = "Supporting Files";
			sourceTree = "<group>";
		};
		B4CCC14B1CD8A7670016E994 /* RollBookTests */ = {
			isa = PBXGroup;
			children = (
				B4CCC14C1CD8A7670016E994 /* RollBookTests.m */,
				B4CCC14E1CD8A7670016E994 /* Info.plist */,
			);
			path = RollBookTests;
			sourceTree = "<group>";
		};
		B4CCC1561CD8A7670016E994 /* RollBookUITests */ = {
			isa = PBXGroup;
			children = (
				B4CCC1571CD8A7670016E994 /* RollBookUITests.m */,
				B4CCC1591CD8A7670016E994 /* Info.plist */,
			);
			path = RollBookUITests;
			sourceTree = "<group>";
		};
/* End PBXGroup section */

/* Begin PBXNativeTarget section */
		B4CCC12E1CD8A7670016E994 /* RollBook */ = {
			isa = PBXNativeTarget;
			buildConfigurationList = B4CCC15C1CD8A7670016E994 /* Build configuration list for PBXNativeTarget "RollBook" */;
			buildPhases = (
				B4CCC12B1CD8A7670016E994 /* Sources */,
				B4CCC12C1CD8A7670016E994 /* Frameworks */,
				B4CCC12D1CD8A7670016E994 /* Resources */,
			);
			buildRules = (
			);
			dependencies = (
			);
			name = RollBook;
			productName = RollBook;
			productReference = B4CCC12F1CD8A7670016E994 /* RollBook.app */;
			productType = "com.apple.product-type.application";
		};
		B4CCC1471CD8A7670016E994 /* RollBookTests */ = {
			isa = PBXNativeTarget;
			buildConfigurationList = B4CCC15F1CD8A7670016E994 /* Build configuration list for PBXNativeTarget "RollBookTests" */;
			buildPhases = (
				B4CCC1441CD8A7670016E994 /* Sources */,
				B4CCC1451CD8A7670016E994 /* Frameworks */,
				B4CCC1461CD8A7670016E994 /* Resources */,
			);
			buildRules = (
			);
			dependencies = (
				B4CCC14A1CD8A7670016E994 /* PBXTargetDependency */,
			);
			name = RollBookTests;
			productName = RollBookTests;
			productReference = B4CCC1481CD8A7670016E994 /* RollBookTests.xctest */;
			productType = "com.apple.product-type.bundle.unit-test";
		};
		B4CCC1521CD8A7670016E994 /* RollBookUITests */ = {
			isa = PBXNativeTarget;
			buildConfigurationList = B4CCC1621CD8A7670016E994 /* Build configuration list for PBXNativeTarget "RollBookUITests" */;
			buildPhases = (
				B4CCC14F1CD8A7670016E994 /* Sources */,
				B4CCC1501CD8A7670016E994 /* Frameworks */,
				B4CCC1511CD8A7670016E994 /* Resources */,
			);
			buildRules = (
			);
			dependencies = (
				B4CCC1551CD8A7670016E994 /* PBXTargetDependency */,
			);
			name = RollBookUITests;
			productName = RollBookUITests;
			productReference = B4CCC1531CD8A7670016E994 /* RollBookUITests.xctest */;
			productType = "com.apple.product-type.bundle.ui-testing";
		};
/* End PBXNativeTarget section */

/* Begin PBXProject section */
		B4CCC1271CD8A7670016E994 /* Project object */ = {
			isa = PBXProject;
			attributes = {
				LastUpgradeCheck = 0730;
				ORGANIZATIONNAME = "张建帅";
				TargetAttributes = {
					B4CCC12E1CD8A7670016E994 = {
						CreatedOnToolsVersion = 7.3;
						DevelopmentTeam = 598P2RLPRZ;
					};
					B4CCC1471CD8A7670016E994 = {
						CreatedOnToolsVersion = 7.3;
						DevelopmentTeam = 598P2RLPRZ;
						TestTargetID = B4CCC12E1CD8A7670016E994;
					};
					B4CCC1521CD8A7670016E994 = {
						CreatedOnToolsVersion = 7.3;
						DevelopmentTeam = 598P2RLPRZ;
						TestTargetID = B4CCC12E1CD8A7670016E994;
					};
				};
			};
			buildConfigurationList = B4CCC12A1CD8A7670016E994 /* Build configuration list for PBXProject "RollBook" */;
			compatibilityVersion = "Xcode 3.2";
			developmentRegion = English;
			hasScannedForEncodings = 0;
			knownRegions = (
				en,
				Base,
			);
			mainGroup = B4CCC1261CD8A7670016E994;
			productRefGroup = B4CCC1301CD8A7670016E994 /* Products */;
			projectDirPath = "";
			projectRoot = "";
			targets = (
				B4CCC12E1CD8A7670016E994 /* RollBook */,
				B4CCC1471CD8A7670016E994 /* RollBookTests */,
				B4CCC1521CD8A7670016E994 /* RollBookUITests */,
			);
		};
/* End PBXProject section */

/* Begin PBXResourcesBuildPhase section */
		B4CCC12D1CD8A7670016E994 /* Resources */ = {
			isa = PBXResourcesBuildPhase;
			buildActionMask = 2147483647;
			files = (
				B4CCC1421CD8A7670016E994 /* LaunchScreen.storyboard in Resources */,
				B4CCC13F1CD8A7670016E994 /* Assets.xcassets in Resources */,
				B4CCC13D1CD8A7670016E994 /* Main.storyboard in Resources */,
			);
			runOnlyForDeploymentPostprocessing = 0;
		};
		B4CCC1461CD8A7670016E994 /* Resources */ = {
			isa = PBXResourcesBuildPhase;
			buildActionMask = 2147483647;
			files = (
			);
			runOnlyForDeploymentPostprocessing = 0;
		};
		B4CCC1511CD8A7670016E994 /* Resources */ = {
			isa = PBXResourcesBuildPhase;
			buildActionMask = 2147483647;
			files = (
			);
			runOnlyForDeploymentPostprocessing = 0;
		};
/* End PBXResourcesBuildPhase section */

/* Begin PBXSourcesBuildPhase section */
		B4CCC12B1CD8A7670016E994 /* Sources */ = {
			isa = PBXSourcesBuildPhase;
			buildActionMask = 2147483647;
			files = (
				B4CCC13A1CD8A7670016E994 /* ViewController.m in Sources */,
				B4CCC1371CD8A7670016E994 /* AppDelegate.m in Sources */,
				B4CCC1341CD8A7670016E994 /* main.m in Sources */,
			);
			runOnlyForDeploymentPostprocessing = 0;
		};
		B4CCC1441CD8A7670016E994 /* Sources */ = {
			isa = PBXSourcesBuildPhase;
			buildActionMask = 2147483647;
			files = (
				B4CCC14D1CD8A7670016E994 /* RollBookTests.m in Sources */,
			);
			runOnlyForDeploymentPostprocessing = 0;
		};
		B4CCC14F1CD8A7670016E994 /* Sources */ = {
			isa = PBXSourcesBuildPhase;
			buildActionMask = 2147483647;
			files = (
				B4CCC1581CD8A7670016E994 /* RollBookUITests.m in Sources */,
			);
			runOnlyForDeploymentPostprocessing = 0;
		};
/* End PBXSourcesBuildPhase section */

/* Begin PBXTargetDependency section */
		B4CCC14A1CD8A7670016E994 /* PBXTargetDependency */ = {
			isa = PBXTargetDependency;
			target = B4CCC12E1CD8A7670016E994 /* RollBook */;
			targetProxy = B4CCC1491CD8A7670016E994 /* PBXContainerItemProxy */;
		};
		B4CCC1551CD8A7670016E994 /* PBXTargetDependency */ = {
			isa = PBXTargetDependency;
			target = B4CCC12E1CD8A7670016E994 /* RollBook */;
			targetProxy = B4CCC1541CD8A7670016E994 /* PBXContainerItemProxy */;
		};
/* End PBXTargetDependency section */

/* Begin PBXVariantGroup section */
		B4CCC13B1CD8A7670016E994 /* Main.storyboard */ = {
			isa = PBXVariantGroup;
			children = (
				B4CCC13C1CD8A7670016E994 /* Base */,
			);
			name = Main.storyboard;
			sourceTree = "<group>";
		};
		B4CCC1401CD8A7670016E994 /* LaunchScreen.storyboard */ = {
			isa = PBXVariantGroup;
			children = (
				B4CCC1411CD8A7670016E994 /* Base */,
			);
			name = LaunchScreen.storyboard;
			sourceTree = "<group>";
		};
/* End PBXVariantGroup section */

/* Begin XCBuildConfiguration section */
		B4CCC15A1CD8A7670016E994 /* Debug */ = {
			isa = XCBuildConfiguration;
			buildSettings = {
				ALWAYS_SEARCH_USER_PATHS = NO;
				CLANG_ANALYZER_NONNULL = YES;
				CLANG_CXX_LANGUAGE_STANDARD = "gnu++0x";
				CLANG_CXX_LIBRARY = "libc++";
				CLANG_ENABLE_MODULES = YES;
				CLANG_ENABLE_OBJC_ARC = YES;
				CLANG_WARN_BOOL_CONVERSION = YES;
				CLANG_WARN_CONSTANT_CONVERSION = YES;
				CLANG_WARN_DIRECT_OBJC_ISA_USAGE = YES_ERROR;
				CLANG_WARN_EMPTY_BODY = YES;
				CLANG_WARN_ENUM_CONVERSION = YES;
				CLANG_WARN_INT_CONVERSION = YES;
				CLANG_WARN_OBJC_ROOT_CLASS = YES_ERROR;
				CLANG_WARN_UNREACHABLE_CODE = YES;
				CLANG_WARN__DUPLICATE_METHOD_MATCH = YES;
				"CODE_SIGN_IDENTITY[sdk=iphoneos*]" = "iPhone Developer";
				COPY_PHASE_STRIP = NO;
				DEBUG_INFORMATION_FORMAT = dwarf;
				ENABLE_STRICT_OBJC_MSGSEND = YES;
				ENABLE_TESTABILITY = YES;
				GCC_C_LANGUAGE_STANDARD = gnu99;
				GCC_DYNAMIC_NO_PIC = NO;
				GCC_NO_COMMON_BLOCKS = YES;
				GCC_OPTIMIZATION_LEVEL = 0;
				GCC_PREPROCESSOR_DEFINITIONS = (
					"DEBUG=1",
					"$(inherited)",
				);
				GCC_WARN_64_TO_32_BIT_CONVERSION = YES;
				GCC_WARN_ABOUT_RETURN_TYPE = YES_ERROR;
				GCC_WARN_UNDECLARED_SELECTOR = YES;
				GCC_WARN_UNINITIALIZED_AUTOS = YES_AGGRESSIVE;
				GCC_WARN_UNUSED_FUNCTION = YES;
				GCC_WARN_UNUSED_VARIABLE = YES;
				IPHONEOS_DEPLOYMENT_TARGET = 9.3;
				MTL_ENABLE_DEBUG_INFO = YES;
				ONLY_ACTIVE_ARCH = YES;
				SDKROOT = iphoneos;
			};
			name = Debug;
		};
		B4CCC15B1CD8A7670016E994 /* Release */ = {
			isa = XCBuildConfiguration;
			buildSettings = {
				ALWAYS_SEARCH_USER_PATHS = NO;
				CLANG_ANALYZER_NONNULL = YES;
				CLANG_CXX_LANGUAGE_STANDARD = "gnu++0x";
				CLANG_CXX_LIBRARY = "libc++";
				CLANG_ENABLE_MODULES = YES;
				CLANG_ENABLE_OBJC_ARC = YES;
				CLANG_WARN_BOOL_CONVERSION = YES;
				CLANG_WARN_CONSTANT_CONVERSION = YES;
				CLANG_WARN_DIRECT_OBJC_ISA_USAGE = YES_ERROR;
				CLANG_WARN_EMPTY_BODY = YES;
				CLANG_WARN_ENUM_CONVERSION = YES;
				CLANG_WARN_INT_CONVERSION = YES;
				CLANG_WARN_OBJC_ROOT_CLASS = YES_ERROR;
				CLANG_WARN_UNREACHABLE_CODE = YES;
				CLANG_WARN__DUPLICATE_METHOD_MATCH = YES;
				"CODE_SIGN_IDENTITY[sdk=iphoneos*]" = "iPhone Developer";
				COPY_PHASE_STRIP = NO;
				DEBUG_INFORMATION_FORMAT = "dwarf-with-dsym";
				ENABLE_NS_ASSERTIONS = NO;
				ENABLE_STRICT_OBJC_MSGSEND = YES;
				GCC_C_LANGUAGE_STANDARD = gnu99;
				GCC_NO_COMMON_BLOCKS = YES;
				GCC_WARN_64_TO_32_BIT_CONVERSION = YES;
				GCC_WARN_ABOUT_RETURN_TYPE = YES_ERROR;
				GCC_WARN_UNDECLARED_SELECTOR = YES;
				GCC_WARN_UNINITIALIZED_AUTOS = YES_AGGRESSIVE;
				GCC_WARN_UNUSED_FUNCTION = YES;
				GCC_WARN_UNUSED_VARIABLE = YES;
				IPHONEOS_DEPLOYMENT_TARGET = 9.3;
				MTL_ENABLE_DEBUG_INFO = NO;
				SDKROOT = iphoneos;
				VALIDATE_PRODUCT = YES;
			};
			name = Release;
		};
		B4CCC15D1CD8A7670016E994 /* Debug */ = {
			isa = XCBuildConfiguration;
			buildSettings = {
				ASSETCATALOG_COMPILER_APPICON_NAME = AppIcon;
				INFOPLIST_FILE = RollBook/Info.plist;
				LD_RUNPATH_SEARCH_PATHS = "$(inherited) @executable_path/Frameworks";
				PRODUCT_BUNDLE_IDENTIFIER = com.lanou3g.www.RollBook;
				PRODUCT_NAME = "$(TARGET_NAME)";
			};
			name = Debug;
		};
		B4CCC15E1CD8A7670016E994 /* Release */ = {
			isa = XCBuildConfiguration;
			buildSettings = {
				ASSETCATALOG_COMPILER_APPICON_NAME = AppIcon;
				INFOPLIST_FILE = RollBook/Info.plist;
				LD_RUNPATH_SEARCH_PATHS = "$(inherited) @executable_path/Frameworks";
				PRODUCT_BUNDLE_IDENTIFIER = com.lanou3g.www.RollBook;
				PRODUCT_NAME = "$(TARGET_NAME)";
			};
			name = Release;
		};
		B4CCC1601CD8A7670016E994 /* Debug */ = {
			isa = XCBuildConfiguration;
			buildSettings = {
				BUNDLE_LOADER = "$(TEST_HOST)";
				INFOPLIST_FILE = RollBookTests/Info.plist;
				LD_RUNPATH_SEARCH_PATHS = "$(inherited) @executable_path/Frameworks @loader_path/Frameworks";
				PRODUCT_BUNDLE_IDENTIFIER = com.lanou3g.www.RollBookTests;
				PRODUCT_NAME = "$(TARGET_NAME)";
				TEST_HOST = "$(BUILT_PRODUCTS_DIR)/RollBook.app/RollBook";
			};
			name = Debug;
		};
		B4CCC1611CD8A7670016E994 /* Release */ = {
			isa = XCBuildConfiguration;
			buildSettings = {
				BUNDLE_LOADER = "$(TEST_HOST)";
				INFOPLIST_FILE = RollBookTests/Info.plist;
				LD_RUNPATH_SEARCH_PATHS = "$(inherited) @executable_path/Frameworks @loader_path/Frameworks";
				PRODUCT_BUNDLE_IDENTIFIER = com.lanou3g.www.RollBookTests;
				PRODUCT_NAME = "$(TARGET_NAME)";
				TEST_HOST = "$(BUILT_PRODUCTS_DIR)/RollBook.app/RollBook";
			};
			name = Release;
		};
		B4CCC1631CD8A7670016E994 /* Debug */ = {
			isa = XCBuildConfiguration;
			buildSettings = {
				INFOPLIST_FILE = RollBookUITests/Info.plist;
				LD_RUNPATH_SEARCH_PATHS = "$(inherited) @executable_path/Frameworks @loader_path/Frameworks";
				PRODUCT_BUNDLE_IDENTIFIER = com.lanou3g.www.RollBookUITests;
				PRODUCT_NAME = "$(TARGET_NAME)";
				TEST_TARGET_NAME = RollBook;
			};
			name = Debug;
		};
		B4CCC1641CD8A7670016E994 /* Release */ = {
			isa = XCBuildConfiguration;
			buildSettings = {
				INFOPLIST_FILE = RollBookUITests/Info.plist;
				LD_RUNPATH_SEARCH_PATHS = "$(inherited) @executable_path/Frameworks @loader_path/Frameworks";
				PRODUCT_BUNDLE_IDENTIFIER = com.lanou3g.www.RollBookUITests;
				PRODUCT_NAME = "$(TARGET_NAME)";
				TEST_TARGET_NAME = RollBook;
			};
			name = Release;
		};
/* End XCBuildConfiguration section */

/* Begin XCConfigurationList section */
		B4CCC12A1CD8A7670016E994 /* Build configuration list for PBXProject "RollBook" */ = {
			isa = XCConfigurationList;
			buildConfigurations = (
				B4CCC15A1CD8A7670016E994 /* Debug */,
				B4CCC15B1CD8A7670016E994 /* Release */,
			);
			defaultConfigurationIsVisible = 0;
			defaultConfigurationName = Release;
		};
		B4CCC15C1CD8A7670016E994 /* Build configuration list for PBXNativeTarget "RollBook" */ = {
			isa = XCConfigurationList;
			buildConfigurations = (
				B4CCC15D1CD8A7670016E994 /* Debug */,
				B4CCC15E1CD8A7670016E994 /* Release */,
			);
			defaultConfigurationIsVisible = 0;
		};
		B4CCC15F1CD8A7670016E994 /* Build configuration list for PBXNativeTarget "RollBookTests" */ = {
			isa = XCConfigurationList;
			buildConfigurations = (
				B4CCC1601CD8A7670016E994 /* Debug */,
				B4CCC1611CD8A7670016E994 /* Release */,
			);
			defaultConfigurationIsVisible = 0;
		};
		B4CCC1621CD8A7670016E994 /* Build configuration list for PBXNativeTarget "RollBookUITests" */ = {
			isa = XCConfigurationList;
			buildConfigurations = (
				B4CCC1631CD8A7670016E994 /* Debug */,
				B4CCC1641CD8A7670016E994 /* Release */,
			);
			defaultConfigurationIsVisible = 0;
		};
/* End XCConfigurationList section */
	};
	rootObject = B4CCC1271CD8A7670016E994 /* Project object */;
}
